
Microsoft Visual Studio Solution File, Format Version 12.00
# Visual Studio Version 17
VisualStudioVersion = 17.10.34928.147
MinimumVisualStudioVersion = 10.0.40219.1
Project("{9A19103F-16F7-4668-BE54-9A1E7A4F7556}") = "CompanyEmployees", "CompanyEmployees\CompanyEmployees.csproj", "{EA3700F0-C72F-4285-B98C-4A916692A6A7}"
EndProject
Project("{9A19103F-16F7-4668-BE54-9A1E7A4F7556}") = "Contracts", "Contracts\Contracts.csproj", "{EF0D8E9F-1F0D-4165-AC32-CD5078A36F6B}"
EndProject
Project("{9A19103F-16F7-4668-BE54-9A1E7A4F7556}") = "LoggerService", "LoggerService\LoggerService.csproj", "{1E3330EE-A228-4319-BA0E-3ADC1665E867}"
EndProject
Project("{9A19103F-16F7-4668-BE54-9A1E7A4F7556}") = "Entities", "Entities\Entities.csproj", "{C104F525-FDF2-4D3E-A5AD-F2142F02FC4E}"
EndProject
Project("{FAE04EC0-301F-11D3-BF4B-00C04F79EFBC}") = "Repository", "Repository\Repository.csproj", "{9260CAAB-7D81-42EF-9059-4D57C3BDDE5B}"
EndProject
Project("{FAE04EC0-301F-11D3-BF4B-00C04F79EFBC}") = "Service.Contracts", "Service.Contracts\Service.Contracts.csproj", "{0550A720-30CF-4916-A39A-A1B6FC516EA1}"
EndProject
Project("{FAE04EC0-301F-11D3-BF4B-00C04F79EFBC}") = "Service", "Service\Service.csproj", "{375920E3-B22A-4A91-BC25-218704DE66AE}"
EndProject
Project("{FAE04EC0-301F-11D3-BF4B-00C04F79EFBC}") = "CompanyEmployees.Presentation", "CompanyEmployees.Presentation\CompanyEmployees.Presentation.csproj", "{8C319000-C93F-4AAC-8C0D-5F22D04261FD}"
EndProject
Project("{FAE04EC0-301F-11D3-BF4B-00C04F79EFBC}") = "Shared", "Shared\Shared.csproj", "{119FF83C-7FC9-43E0-B1BC-22A5A4B0AC21}"
EndProject
Global
	GlobalSection(SolutionConfigurationPlatforms) = preSolution
		Debug|Any CPU = Debug|Any CPU
		Release|Any CPU = Release|Any CPU
	EndGlobalSection
	GlobalSection(ProjectConfigurationPlatforms) = postSolution
		{EA3700F0-C72F-4285-B98C-4A916692A6A7}.Debug|Any CPU.ActiveCfg = Debug|Any CPU
		{EA3700F0-C72F-4285-B98C-4A916692A6A7}.Debug|Any CPU.Build.0 = Debug|Any CPU
		{EA3700F0-C72F-4285-B98C-4A916692A6A7}.Release|Any CPU.ActiveCfg = Release|Any CPU
		{EA3700F0-C72F-4285-B98C-4A916692A6A7}.Release|Any CPU.Build.0 = Release|Any CPU
		{EF0D8E9F-1F0D-4165-AC32-CD5078A36F6B}.Debug|Any CPU.ActiveCfg = Debug|Any CPU
		{EF0D8E9F-1F0D-4165-AC32-CD5078A36F6B}.Debug|Any CPU.Build.0 = Debug|Any CPU
		{EF0D8E9F-1F0D-4165-AC32-CD5078A36F6B}.Release|Any CPU.ActiveCfg = Release|Any CPU
		{EF0D8E9F-1F0D-4165-AC32-CD5078A36F6B}.Release|Any CPU.Build.0 = Release|Any CPU
		{1E3330EE-A228-4319-BA0E-3ADC1665E867}.Debug|Any CPU.ActiveCfg = Debug|Any CPU
		{1E3330EE-A228-4319-BA0E-3ADC1665E867}.Debug|Any CPU.Build.0 = Debug|Any CPU
		{1E3330EE-A228-4319-BA0E-3ADC1665E867}.Release|Any CPU.ActiveCfg = Release|Any CPU
		{1E3330EE-A228-4319-BA0E-3ADC1665E867}.Release|Any CPU.Build.0 = Release|Any CPU
		{C104F525-FDF2-4D3E-A5AD-F2142F02FC4E}.Debug|Any CPU.ActiveCfg = Debug|Any CPU
		{C104F525-FDF2-4D3E-A5AD-F2142F02FC4E}.Debug|Any CPU.Build.0 = Debug|Any CPU
		{C104F525-FDF2-4D3E-A5AD-F2142F02FC4E}.Release|Any CPU.ActiveCfg = Release|Any CPU
		{C104F525-FDF2-4D3E-A5AD-F2142F02FC4E}.Release|Any CPU.Build.0 = Release|Any CPU
		{9260CAAB-7D81-42EF-9059-4D57C3BDDE5B}.Debug|Any CPU.ActiveCfg = Debug|Any CPU
		{9260CAAB-7D81-42EF-9059-4D57C3BDDE5B}.Debug|Any CPU.Build.0 = Debug|Any CPU
		{9260CAAB-7D81-42EF-9059-4D57C3BDDE5B}.Release|Any CPU.ActiveCfg = Release|Any CPU
		{9260CAAB-7D81-42EF-9059-4D57C3BDDE5B}.Release|Any CPU.Build.0 = Release|Any CPU
		{0550A720-30CF-4916-A39A-A1B6FC516EA1}.Debug|Any CPU.ActiveCfg = Debug|Any CPU
		{0550A720-30CF-4916-A39A-A1B6FC516EA1}.Debug|Any CPU.Build.0 = Debug|Any CPU
		{0550A720-30CF-4916-A39A-A1B6FC516EA1}.Release|Any CPU.ActiveCfg = Release|Any CPU
		{0550A720-30CF-4916-A39A-A1B6FC516EA1}.Release|Any CPU.Build.0 = Release|Any CPU
		{375920E3-B22A-4A91-BC25-218704DE66AE}.Debug|Any CPU.ActiveCfg = Debug|Any CPU
		{375920E3-B22A-4A91-BC25-218704DE66AE}.Debug|Any CPU.Build.0 = Debug|Any CPU
		{375920E3-B22A-4A91-BC25-218704DE66AE}.Release|Any CPU.ActiveCfg = Release|Any CPU
		{375920E3-B22A-4A91-BC25-218704DE66AE}.Release|Any CPU.Build.0 = Release|Any CPU
		{8C319000-C93F-4AAC-8C0D-5F22D04261FD}.Debug|Any CPU.ActiveCfg = Debug|Any CPU
		{8C319000-C93F-4AAC-8C0D-5F22D04261FD}.Debug|Any CPU.Build.0 = Debug|Any CPU
		{8C319000-C93F-4AAC-8C0D-5F22D04261FD}.Release|Any CPU.ActiveCfg = Release|Any CPU
		{8C319000-C93F-4AAC-8C0D-5F22D04261FD}.Release|Any CPU.Build.0 = Release|Any CPU
		{119FF83C-7FC9-43E0-B1BC-22A5A4B0AC21}.Debug|Any CPU.ActiveCfg = Debug|Any CPU
		{119FF83C-7FC9-43E0-B1BC-22A5A4B0AC21}.Debug|Any CPU.Build.0 = Debug|Any CPU
		{119FF83C-7FC9-43E0-B1BC-22A5A4B0AC21}.Release|Any CPU.ActiveCfg = Release|Any CPU
		{119FF83C-7FC9-43E0-B1BC-22A5A4B0AC21}.Release|Any CPU.Build.0 = Release|Any CPU
	EndGlobalSection
	GlobalSection(SolutionProperties) = preSolution
		HideSolutionNode = FALSE
	EndGlobalSection
	GlobalSection(ExtensibilityGlobals) = postSolution
		SolutionGuid = {10FA3EAB-7353-4E5D-9B45-F22FD3547276}
	EndGlobalSection
EndGlobal
